
Microsoft Visual Studio Solution File, Format Version 12.00
# Visual Studio Version 16
VisualStudioVersion = 16.0.31702.278
MinimumVisualStudioVersion = 10.0.40219.1
Project("{9A19103F-16F7-4668-BE54-9A1E7A4F7556}") = "1", "1\1.csproj", "{0C15696E-EEEA-4B53-9937-4FEE1C9D87E5}"
EndProject
Project("{9A19103F-16F7-4668-BE54-9A1E7A4F7556}") = "2", "2\2.csproj", "{DD32F4C5-0104-4240-89B2-561A3A17B6D9}"
EndProject
Project("{9A19103F-16F7-4668-BE54-9A1E7A4F7556}") = "3", "3\3.csproj", "{557B9049-7A5D-4491-8D68-2252085547FF}"
EndProject
Project("{FAE04EC0-301F-11D3-BF4B-00C04F79EFBC}") = "4", "4\4.csproj", "{AE848422-A18E-4F10-BFC3-14F7F9E01D82}"
EndProject
Global
	GlobalSection(SolutionConfigurationPlatforms) = preSolution
		Debug|Any CPU = Debug|Any CPU
		Release|Any CPU = Release|Any CPU
	EndGlobalSection
	GlobalSection(ProjectConfigurationPlatforms) = postSolution
		{0C15696E-EEEA-4B53-9937-4FEE1C9D87E5}.Debug|Any CPU.ActiveCfg = Debug|Any CPU
		{0C15696E-EEEA-4B53-9937-4FEE1C9D87E5}.Debug|Any CPU.Build.0 = Debug|Any CPU
		{0C15696E-EEEA-4B53-9937-4FEE1C9D87E5}.Release|Any CPU.ActiveCfg = Release|Any CPU
		{0C15696E-EEEA-4B53-9937-4FEE1C9D87E5}.Release|Any CPU.Build.0 = Release|Any CPU
		{DD32F4C5-0104-4240-89B2-561A3A17B6D9}.Debug|Any CPU.ActiveCfg = Debug|Any CPU
		{DD32F4C5-0104-4240-89B2-561A3A17B6D9}.Debug|Any CPU.Build.0 = Debug|Any CPU
		{DD32F4C5-0104-4240-89B2-561A3A17B6D9}.Release|Any CPU.ActiveCfg = Release|Any CPU
		{DD32F4C5-0104-4240-89B2-561A3A17B6D9}.Release|Any CPU.Build.0 = Release|Any CPU
		{557B9049-7A5D-4491-8D68-2252085547FF}.Debug|Any CPU.ActiveCfg = Debug|Any CPU
		{557B9049-7A5D-4491-8D68-2252085547FF}.Debug|Any CPU.Build.0 = Debug|Any CPU
		{557B9049-7A5D-4491-8D68-2252085547FF}.Release|Any CPU.ActiveCfg = Release|Any CPU
		{557B9049-7A5D-4491-8D68-2252085547FF}.Release|Any CPU.Build.0 = Release|Any CPU
		{AE848422-A18E-4F10-BFC3-14F7F9E01D82}.Debug|Any CPU.ActiveCfg = Debug|Any CPU
		{AE848422-A18E-4F10-BFC3-14F7F9E01D82}.Debug|Any CPU.Build.0 = Debug|Any CPU
		{AE848422-A18E-4F10-BFC3-14F7F9E01D82}.Release|Any CPU.ActiveCfg = Release|Any CPU
		{AE848422-A18E-4F10-BFC3-14F7F9E01D82}.Release|Any CPU.Build.0 = Release|Any CPU
	EndGlobalSection
	GlobalSection(SolutionProperties) = preSolution
		HideSolutionNode = FALSE
	EndGlobalSection
	GlobalSection(ExtensibilityGlobals) = postSolution
		SolutionGuid = {715B4E29-C139-44D1-B550-C8130028DA8B}
	EndGlobalSection
EndGlobal
