
Microsoft Visual Studio Solution File, Format Version 12.00
# Visual Studio Version 16
VisualStudioVersion = 16.0.31702.278
MinimumVisualStudioVersion = 10.0.40219.1
Project("{9A19103F-16F7-4668-BE54-9A1E7A4F7556}") = "15.1", "15.1\15.1.csproj", "{C7D27362-94B0-473A-B51B-9328EAA1E0EB}"
EndProject
Project("{9A19103F-16F7-4668-BE54-9A1E7A4F7556}") = "15.2", "15.2\15.2.csproj", "{0722F4F8-A46D-45C2-8DC0-DFE95AEDE8D0}"
EndProject
Project("{9A19103F-16F7-4668-BE54-9A1E7A4F7556}") = "15.3", "15.3\15.3.csproj", "{ECE7D613-26B8-4B3D-9EB4-0F7A025146F3}"
EndProject
Project("{9A19103F-16F7-4668-BE54-9A1E7A4F7556}") = "15.4", "15.4\15.4.csproj", "{BF330B93-59A7-44A4-9B6D-2E6814B68A72}"
EndProject
Project("{9A19103F-16F7-4668-BE54-9A1E7A4F7556}") = "15.5", "15.5\15.5.csproj", "{6C381E77-655A-49E0-8807-C07D8A399039}"
EndProject
Project("{9A19103F-16F7-4668-BE54-9A1E7A4F7556}") = "15.6", "15.6\15.6.csproj", "{553441F2-EAB5-4871-B72B-B5F0A679C9E5}"
EndProject
Project("{FAE04EC0-301F-11D3-BF4B-00C04F79EFBC}") = "15.7", "15.7\15.7.csproj", "{31B6081A-6A9C-460E-9A72-D2F3C3FE13F0}"
EndProject
Project("{FAE04EC0-301F-11D3-BF4B-00C04F79EFBC}") = "15.8", "15.8\15.8.csproj", "{14CF70F5-374B-4276-9151-05B8F02A3F69}"
EndProject
Project("{FAE04EC0-301F-11D3-BF4B-00C04F79EFBC}") = "15.9", "15.9\15.9.csproj", "{6C37102A-7CC1-4731-A99C-41E573D22A30}"
EndProject
Project("{FAE04EC0-301F-11D3-BF4B-00C04F79EFBC}") = "15.10", "15.10\15.10.csproj", "{F58B6484-F902-410A-9BDD-DA4D019EBDD2}"
EndProject
Global
	GlobalSection(SolutionConfigurationPlatforms) = preSolution
		Debug|Any CPU = Debug|Any CPU
		Release|Any CPU = Release|Any CPU
	EndGlobalSection
	GlobalSection(ProjectConfigurationPlatforms) = postSolution
		{C7D27362-94B0-473A-B51B-9328EAA1E0EB}.Debug|Any CPU.ActiveCfg = Debug|Any CPU
		{C7D27362-94B0-473A-B51B-9328EAA1E0EB}.Debug|Any CPU.Build.0 = Debug|Any CPU
		{C7D27362-94B0-473A-B51B-9328EAA1E0EB}.Release|Any CPU.ActiveCfg = Release|Any CPU
		{C7D27362-94B0-473A-B51B-9328EAA1E0EB}.Release|Any CPU.Build.0 = Release|Any CPU
		{0722F4F8-A46D-45C2-8DC0-DFE95AEDE8D0}.Debug|Any CPU.ActiveCfg = Debug|Any CPU
		{0722F4F8-A46D-45C2-8DC0-DFE95AEDE8D0}.Debug|Any CPU.Build.0 = Debug|Any CPU
		{0722F4F8-A46D-45C2-8DC0-DFE95AEDE8D0}.Release|Any CPU.ActiveCfg = Release|Any CPU
		{0722F4F8-A46D-45C2-8DC0-DFE95AEDE8D0}.Release|Any CPU.Build.0 = Release|Any CPU
		{ECE7D613-26B8-4B3D-9EB4-0F7A025146F3}.Debug|Any CPU.ActiveCfg = Debug|Any CPU
		{ECE7D613-26B8-4B3D-9EB4-0F7A025146F3}.Debug|Any CPU.Build.0 = Debug|Any CPU
		{ECE7D613-26B8-4B3D-9EB4-0F7A025146F3}.Release|Any CPU.ActiveCfg = Release|Any CPU
		{ECE7D613-26B8-4B3D-9EB4-0F7A025146F3}.Release|Any CPU.Build.0 = Release|Any CPU
		{BF330B93-59A7-44A4-9B6D-2E6814B68A72}.Debug|Any CPU.ActiveCfg = Debug|Any CPU
		{BF330B93-59A7-44A4-9B6D-2E6814B68A72}.Debug|Any CPU.Build.0 = Debug|Any CPU
		{BF330B93-59A7-44A4-9B6D-2E6814B68A72}.Release|Any CPU.ActiveCfg = Release|Any CPU
		{BF330B93-59A7-44A4-9B6D-2E6814B68A72}.Release|Any CPU.Build.0 = Release|Any CPU
		{6C381E77-655A-49E0-8807-C07D8A399039}.Debug|Any CPU.ActiveCfg = Debug|Any CPU
		{6C381E77-655A-49E0-8807-C07D8A399039}.Debug|Any CPU.Build.0 = Debug|Any CPU
		{6C381E77-655A-49E0-8807-C07D8A399039}.Release|Any CPU.ActiveCfg = Release|Any CPU
		{6C381E77-655A-49E0-8807-C07D8A399039}.Release|Any CPU.Build.0 = Release|Any CPU
		{553441F2-EAB5-4871-B72B-B5F0A679C9E5}.Debug|Any CPU.ActiveCfg = Debug|Any CPU
		{553441F2-EAB5-4871-B72B-B5F0A679C9E5}.Debug|Any CPU.Build.0 = Debug|Any CPU
		{553441F2-EAB5-4871-B72B-B5F0A679C9E5}.Release|Any CPU.ActiveCfg = Release|Any CPU
		{553441F2-EAB5-4871-B72B-B5F0A679C9E5}.Release|Any CPU.Build.0 = Release|Any CPU
		{31B6081A-6A9C-460E-9A72-D2F3C3FE13F0}.Debug|Any CPU.ActiveCfg = Debug|Any CPU
		{31B6081A-6A9C-460E-9A72-D2F3C3FE13F0}.Debug|Any CPU.Build.0 = Debug|Any CPU
		{31B6081A-6A9C-460E-9A72-D2F3C3FE13F0}.Release|Any CPU.ActiveCfg = Release|Any CPU
		{31B6081A-6A9C-460E-9A72-D2F3C3FE13F0}.Release|Any CPU.Build.0 = Release|Any CPU
		{14CF70F5-374B-4276-9151-05B8F02A3F69}.Debug|Any CPU.ActiveCfg = Debug|Any CPU
		{14CF70F5-374B-4276-9151-05B8F02A3F69}.Debug|Any CPU.Build.0 = Debug|Any CPU
		{14CF70F5-374B-4276-9151-05B8F02A3F69}.Release|Any CPU.ActiveCfg = Release|Any CPU
		{14CF70F5-374B-4276-9151-05B8F02A3F69}.Release|Any CPU.Build.0 = Release|Any CPU
		{6C37102A-7CC1-4731-A99C-41E573D22A30}.Debug|Any CPU.ActiveCfg = Debug|Any CPU
		{6C37102A-7CC1-4731-A99C-41E573D22A30}.Debug|Any CPU.Build.0 = Debug|Any CPU
		{6C37102A-7CC1-4731-A99C-41E573D22A30}.Release|Any CPU.ActiveCfg = Release|Any CPU
		{6C37102A-7CC1-4731-A99C-41E573D22A30}.Release|Any CPU.Build.0 = Release|Any CPU
		{F58B6484-F902-410A-9BDD-DA4D019EBDD2}.Debug|Any CPU.ActiveCfg = Debug|Any CPU
		{F58B6484-F902-410A-9BDD-DA4D019EBDD2}.Debug|Any CPU.Build.0 = Debug|Any CPU
		{F58B6484-F902-410A-9BDD-DA4D019EBDD2}.Release|Any CPU.ActiveCfg = Release|Any CPU
		{F58B6484-F902-410A-9BDD-DA4D019EBDD2}.Release|Any CPU.Build.0 = Release|Any CPU
	EndGlobalSection
	GlobalSection(SolutionProperties) = preSolution
		HideSolutionNode = FALSE
	EndGlobalSection
	GlobalSection(ExtensibilityGlobals) = postSolution
		SolutionGuid = {77A083BA-71E7-44C8-BE55-3D03FAA67CA8}
	EndGlobalSection
EndGlobal
