
Microsoft Visual Studio Solution File, Format Version 12.00
# Visual Studio Version 16
VisualStudioVersion = 16.0.31702.278
MinimumVisualStudioVersion = 10.0.40219.1
Project("{9A19103F-16F7-4668-BE54-9A1E7A4F7556}") = "1", "1\1.csproj", "{037EE323-358F-40BE-A0D2-5741CCEFBE52}"
EndProject
Project("{9A19103F-16F7-4668-BE54-9A1E7A4F7556}") = "2", "2\2.csproj", "{6424851F-7F68-4790-916A-9E166636F283}"
EndProject
Project("{9A19103F-16F7-4668-BE54-9A1E7A4F7556}") = "4", "4\4.csproj", "{870AF18F-FD03-46F8-8A23-84A2B662A0F8}"
EndProject
Project("{9A19103F-16F7-4668-BE54-9A1E7A4F7556}") = "5", "5\5.csproj", "{9E9EC9CB-D27D-4168-8CB0-8488584F345B}"
EndProject
Project("{FAE04EC0-301F-11D3-BF4B-00C04F79EFBC}") = "3", "3\3.csproj", "{BB67B3C5-B0BA-410B-AE16-2CAD245D1C17}"
EndProject
Global
	GlobalSection(SolutionConfigurationPlatforms) = preSolution
		Debug|Any CPU = Debug|Any CPU
		Release|Any CPU = Release|Any CPU
	EndGlobalSection
	GlobalSection(ProjectConfigurationPlatforms) = postSolution
		{037EE323-358F-40BE-A0D2-5741CCEFBE52}.Debug|Any CPU.ActiveCfg = Debug|Any CPU
		{037EE323-358F-40BE-A0D2-5741CCEFBE52}.Debug|Any CPU.Build.0 = Debug|Any CPU
		{037EE323-358F-40BE-A0D2-5741CCEFBE52}.Release|Any CPU.ActiveCfg = Release|Any CPU
		{037EE323-358F-40BE-A0D2-5741CCEFBE52}.Release|Any CPU.Build.0 = Release|Any CPU
		{6424851F-7F68-4790-916A-9E166636F283}.Debug|Any CPU.ActiveCfg = Debug|Any CPU
		{6424851F-7F68-4790-916A-9E166636F283}.Debug|Any CPU.Build.0 = Debug|Any CPU
		{6424851F-7F68-4790-916A-9E166636F283}.Release|Any CPU.ActiveCfg = Release|Any CPU
		{6424851F-7F68-4790-916A-9E166636F283}.Release|Any CPU.Build.0 = Release|Any CPU
		{870AF18F-FD03-46F8-8A23-84A2B662A0F8}.Debug|Any CPU.ActiveCfg = Debug|Any CPU
		{870AF18F-FD03-46F8-8A23-84A2B662A0F8}.Debug|Any CPU.Build.0 = Debug|Any CPU
		{870AF18F-FD03-46F8-8A23-84A2B662A0F8}.Release|Any CPU.ActiveCfg = Release|Any CPU
		{870AF18F-FD03-46F8-8A23-84A2B662A0F8}.Release|Any CPU.Build.0 = Release|Any CPU
		{9E9EC9CB-D27D-4168-8CB0-8488584F345B}.Debug|Any CPU.ActiveCfg = Debug|Any CPU
		{9E9EC9CB-D27D-4168-8CB0-8488584F345B}.Debug|Any CPU.Build.0 = Debug|Any CPU
		{9E9EC9CB-D27D-4168-8CB0-8488584F345B}.Release|Any CPU.ActiveCfg = Release|Any CPU
		{9E9EC9CB-D27D-4168-8CB0-8488584F345B}.Release|Any CPU.Build.0 = Release|Any CPU
		{BB67B3C5-B0BA-410B-AE16-2CAD245D1C17}.Debug|Any CPU.ActiveCfg = Debug|Any CPU
		{BB67B3C5-B0BA-410B-AE16-2CAD245D1C17}.Debug|Any CPU.Build.0 = Debug|Any CPU
		{BB67B3C5-B0BA-410B-AE16-2CAD245D1C17}.Release|Any CPU.ActiveCfg = Release|Any CPU
		{BB67B3C5-B0BA-410B-AE16-2CAD245D1C17}.Release|Any CPU.Build.0 = Release|Any CPU
	EndGlobalSection
	GlobalSection(SolutionProperties) = preSolution
		HideSolutionNode = FALSE
	EndGlobalSection
	GlobalSection(ExtensibilityGlobals) = postSolution
		SolutionGuid = {1CC7C40E-C9A3-4677-B37C-A1FC5294DD3F}
	EndGlobalSection
EndGlobal
